[root]
name = "interleaver"
version = "0.0.1"
dependencies = [
 "docopt 0.6.3 (git+https://github.com/docopt/docopt.rs#ee3844098f213121ce7dfb32cdbf2512ecba7085)",
 "docopt_macros 0.6.3 (git+https://github.com/docopt/docopt.rs#ee3844098f213121ce7dfb32cdbf2512ecba7085)",
]

[[package]]
name = "docopt"
version = "0.6.3"
source = "git+https://github.com/docopt/docopt.rs#ee3844098f213121ce7dfb32cdbf2512ecba7085"

[[package]]
name = "docopt_macros"
version = "0.6.3"
source = "git+https://github.com/docopt/docopt.rs#ee3844098f213121ce7dfb32cdbf2512ecba7085"
dependencies = [
 "docopt 0.6.3 (git+https://github.com/docopt/docopt.rs#ee3844098f213121ce7dfb32cdbf2512ecba7085)",
]

